
Microsoft Visual Studio Solution File, Format Version 12.00
# Visual Studio Version 17
VisualStudioVersion = 17.8.34511.84
MinimumVisualStudioVersion = 10.0.40219.1
Project("{FAE04EC0-301F-11D3-BF4B-00C04F79EFBC}") = "ConstructionManagementApp", "ConstructionManagementApp.csproj", "{36B69336-6E0C-42FA-94C2-B5B768C25B73}"
EndProject
Global
	GlobalSection(SolutionConfigurationPlatforms) = preSolution
		Debug|Any CPU = Debug|Any CPU
		Release|Any CPU = Release|Any CPU
	EndGlobalSection
	GlobalSection(ProjectConfigurationPlatforms) = postSolution
		{36B69336-6E0C-42FA-94C2-B5B768C25B73}.Debug|Any CPU.ActiveCfg = Debug|Any CPU
		{36B69336-6E0C-42FA-94C2-B5B768C25B73}.Debug|Any CPU.Build.0 = Debug|Any CPU
		{36B69336-6E0C-42FA-94C2-B5B768C25B73}.Release|Any CPU.ActiveCfg = Release|Any CPU
		{36B69336-6E0C-42FA-94C2-B5B768C25B73}.Release|Any CPU.Build.0 = Release|Any CPU
	EndGlobalSection
	GlobalSection(SolutionProperties) = preSolution
		HideSolutionNode = FALSE
	EndGlobalSection
	GlobalSection(ExtensibilityGlobals) = postSolution
		SolutionGuid = {3D94E2B1-F849-40C9-9BE9-3F84622FF4FF}
	EndGlobalSection
EndGlobal
